
Microsoft Visual Studio Solution File, Format Version 12.00
# Visual Studio Version 17
VisualStudioVersion = 17.5.002.0
MinimumVisualStudioVersion = 10.0.40219.1
Project("{9A19103F-16F7-4668-BE54-9A1E7A4F7556}") = "excecoes-colecoes", "excecoes-colecoes.csproj", "{720C2E7E-1701-4D03-8942-0F704AAD736B}"
EndProject
Global
	GlobalSection(SolutionConfigurationPlatforms) = preSolution
		Debug|Any CPU = Debug|Any CPU
		Release|Any CPU = Release|Any CPU
	EndGlobalSection
	GlobalSection(ProjectConfigurationPlatforms) = postSolution
		{720C2E7E-1701-4D03-8942-0F704AAD736B}.Debug|Any CPU.ActiveCfg = Debug|Any CPU
		{720C2E7E-1701-4D03-8942-0F704AAD736B}.Debug|Any CPU.Build.0 = Debug|Any CPU
		{720C2E7E-1701-4D03-8942-0F704AAD736B}.Release|Any CPU.ActiveCfg = Release|Any CPU
		{720C2E7E-1701-4D03-8942-0F704AAD736B}.Release|Any CPU.Build.0 = Release|Any CPU
	EndGlobalSection
	GlobalSection(SolutionProperties) = preSolution
		HideSolutionNode = FALSE
	EndGlobalSection
	GlobalSection(ExtensibilityGlobals) = postSolution
		SolutionGuid = {053407C0-741F-49E1-BDCE-01BE09DDD0D1}
	EndGlobalSection
EndGlobal
