
Microsoft Visual Studio Solution File, Format Version 12.00
# Visual Studio Version 17
VisualStudioVersion = 17.5.002.0
MinimumVisualStudioVersion = 10.0.40219.1
Project("{9A19103F-16F7-4668-BE54-9A1E7A4F7556}") = "desafio-fundamentos", "desafio-fundamentos.csproj", "{90195190-C90A-464A-86AE-73A9EC18EEF2}"
EndProject
Global
	GlobalSection(SolutionConfigurationPlatforms) = preSolution
		Debug|Any CPU = Debug|Any CPU
		Release|Any CPU = Release|Any CPU
	EndGlobalSection
	GlobalSection(ProjectConfigurationPlatforms) = postSolution
		{90195190-C90A-464A-86AE-73A9EC18EEF2}.Debug|Any CPU.ActiveCfg = Debug|Any CPU
		{90195190-C90A-464A-86AE-73A9EC18EEF2}.Debug|Any CPU.Build.0 = Debug|Any CPU
		{90195190-C90A-464A-86AE-73A9EC18EEF2}.Release|Any CPU.ActiveCfg = Release|Any CPU
		{90195190-C90A-464A-86AE-73A9EC18EEF2}.Release|Any CPU.Build.0 = Release|Any CPU
	EndGlobalSection
	GlobalSection(SolutionProperties) = preSolution
		HideSolutionNode = FALSE
	EndGlobalSection
	GlobalSection(ExtensibilityGlobals) = postSolution
		SolutionGuid = {7B60F3B2-820A-4A23-BA8F-0287544FC0BE}
	EndGlobalSection
EndGlobal
