
Microsoft Visual Studio Solution File, Format Version 12.00
# Visual Studio Version 17
VisualStudioVersion = 17.5.002.0
MinimumVisualStudioVersion = 10.0.40219.1
Project("{9A19103F-16F7-4668-BE54-9A1E7A4F7556}") = "desafio-entity", "desafio-entity.csproj", "{13A76D06-52CF-4063-85DE-7CEB4C8CEC69}"
EndProject
Global
	GlobalSection(SolutionConfigurationPlatforms) = preSolution
		Debug|Any CPU = Debug|Any CPU
		Release|Any CPU = Release|Any CPU
	EndGlobalSection
	GlobalSection(ProjectConfigurationPlatforms) = postSolution
		{13A76D06-52CF-4063-85DE-7CEB4C8CEC69}.Debug|Any CPU.ActiveCfg = Debug|Any CPU
		{13A76D06-52CF-4063-85DE-7CEB4C8CEC69}.Debug|Any CPU.Build.0 = Debug|Any CPU
		{13A76D06-52CF-4063-85DE-7CEB4C8CEC69}.Release|Any CPU.ActiveCfg = Release|Any CPU
		{13A76D06-52CF-4063-85DE-7CEB4C8CEC69}.Release|Any CPU.Build.0 = Release|Any CPU
	EndGlobalSection
	GlobalSection(SolutionProperties) = preSolution
		HideSolutionNode = FALSE
	EndGlobalSection
	GlobalSection(ExtensibilityGlobals) = postSolution
		SolutionGuid = {7EBA4719-8C35-4C7C-9CCC-3562E8DE2B54}
	EndGlobalSection
EndGlobal
