
Microsoft Visual Studio Solution File, Format Version 12.00
# Visual Studio Version 17
VisualStudioVersion = 17.5.002.0
MinimumVisualStudioVersion = 10.0.40219.1
Project("{9A19103F-16F7-4668-BE54-9A1E7A4F7556}") = "operadores-aritimeticos", "operadores-aritimeticos.csproj", "{F86F3559-768B-4952-83C8-C9D3D8FE4B44}"
EndProject
Global
	GlobalSection(SolutionConfigurationPlatforms) = preSolution
		Debug|Any CPU = Debug|Any CPU
		Release|Any CPU = Release|Any CPU
	EndGlobalSection
	GlobalSection(ProjectConfigurationPlatforms) = postSolution
		{F86F3559-768B-4952-83C8-C9D3D8FE4B44}.Debug|Any CPU.ActiveCfg = Debug|Any CPU
		{F86F3559-768B-4952-83C8-C9D3D8FE4B44}.Debug|Any CPU.Build.0 = Debug|Any CPU
		{F86F3559-768B-4952-83C8-C9D3D8FE4B44}.Release|Any CPU.ActiveCfg = Release|Any CPU
		{F86F3559-768B-4952-83C8-C9D3D8FE4B44}.Release|Any CPU.Build.0 = Release|Any CPU
	EndGlobalSection
	GlobalSection(SolutionProperties) = preSolution
		HideSolutionNode = FALSE
	EndGlobalSection
	GlobalSection(ExtensibilityGlobals) = postSolution
		SolutionGuid = {DC54AE44-AE1E-4F48-8AF3-73B3A3F5D524}
	EndGlobalSection
EndGlobal
